
Microsoft Visual Studio Solution File, Format Version 12.00
# Visual Studio Version 16
VisualStudioVersion = 16.0.31129.286
MinimumVisualStudioVersion = 10.0.40219.1
Project("{FAE04EC0-301F-11D3-BF4B-00C04F79EFBC}") = "Taller2", "Taller2.csproj", "{14A66380-F633-4971-8841-D4C3B2BE89A8}"
EndProject
Project("{FAE04EC0-301F-11D3-BF4B-00C04F79EFBC}") = "UnitTestProject1", "..\UnitTestProject1\UnitTestProject1.csproj", "{07250C2B-18F4-4F77-A3F1-43DDAF6282C5}"
EndProject
Global
	GlobalSection(SolutionConfigurationPlatforms) = preSolution
		Debug|Any CPU = Debug|Any CPU
		Release|Any CPU = Release|Any CPU
	EndGlobalSection
	GlobalSection(ProjectConfigurationPlatforms) = postSolution
		{14A66380-F633-4971-8841-D4C3B2BE89A8}.Debug|Any CPU.ActiveCfg = Debug|Any CPU
		{14A66380-F633-4971-8841-D4C3B2BE89A8}.Debug|Any CPU.Build.0 = Debug|Any CPU
		{14A66380-F633-4971-8841-D4C3B2BE89A8}.Release|Any CPU.ActiveCfg = Release|Any CPU
		{14A66380-F633-4971-8841-D4C3B2BE89A8}.Release|Any CPU.Build.0 = Release|Any CPU
		{07250C2B-18F4-4F77-A3F1-43DDAF6282C5}.Debug|Any CPU.ActiveCfg = Debug|Any CPU
		{07250C2B-18F4-4F77-A3F1-43DDAF6282C5}.Debug|Any CPU.Build.0 = Debug|Any CPU
		{07250C2B-18F4-4F77-A3F1-43DDAF6282C5}.Release|Any CPU.ActiveCfg = Release|Any CPU
		{07250C2B-18F4-4F77-A3F1-43DDAF6282C5}.Release|Any CPU.Build.0 = Release|Any CPU
	EndGlobalSection
	GlobalSection(SolutionProperties) = preSolution
		HideSolutionNode = FALSE
	EndGlobalSection
	GlobalSection(ExtensibilityGlobals) = postSolution
		SolutionGuid = {5E2E6F03-9F46-48BB-A761-5C43CC8F410B}
	EndGlobalSection
EndGlobal
